
Microsoft Visual Studio Solution File, Format Version 12.00
# Visual Studio Version 17
VisualStudioVersion = 17.14.36414.22 d17.14
MinimumVisualStudioVersion = 10.0.40219.1
Project("{FAE04EC0-301F-11D3-BF4B-00C04F79EFBC}") = "QuizApi", "QuizApi\QuizApi.csproj", "{FBC9E0DE-99CC-4680-AC9B-319E81B5BE9D}"
EndProject
Global
	GlobalSection(SolutionConfigurationPlatforms) = preSolution
		Debug|Any CPU = Debug|Any CPU
		Release|Any CPU = Release|Any CPU
	EndGlobalSection
	GlobalSection(ProjectConfigurationPlatforms) = postSolution
		{FBC9E0DE-99CC-4680-AC9B-319E81B5BE9D}.Debug|Any CPU.ActiveCfg = Debug|Any CPU
		{FBC9E0DE-99CC-4680-AC9B-319E81B5BE9D}.Debug|Any CPU.Build.0 = Debug|Any CPU
		{FBC9E0DE-99CC-4680-AC9B-319E81B5BE9D}.Release|Any CPU.ActiveCfg = Release|Any CPU
		{FBC9E0DE-99CC-4680-AC9B-319E81B5BE9D}.Release|Any CPU.Build.0 = Release|Any CPU
	EndGlobalSection
	GlobalSection(SolutionProperties) = preSolution
		HideSolutionNode = FALSE
	EndGlobalSection
	GlobalSection(ExtensibilityGlobals) = postSolution
		SolutionGuid = {54C0523A-5B7C-4904-89F5-FFD5F0F7874F}
	EndGlobalSection
EndGlobal
